
Microsoft Visual Studio Solution File, Format Version 12.00
# Visual Studio Version 17
VisualStudioVersion = 17.11.35219.272
MinimumVisualStudioVersion = 10.0.40219.1
Project("{2150E333-8FDC-42A3-9474-1A3956D46DE8}") = "Services", "Services", "{1AC8DBB2-C1D0-46B7-AC53-A9F96DC22FB0}"
EndProject
Project("{2150E333-8FDC-42A3-9474-1A3956D46DE8}") = "Catalog", "Catalog", "{E20A0163-CAA1-4C4A-B8D0-FB02A70CB877}"
EndProject
Project("{FAE04EC0-301F-11D3-BF4B-00C04F79EFBC}") = "CatalogAPI", "Services\Catalog\CatalogAPI\CatalogAPI.csproj", "{D9225DA6-E78A-4BAD-8C74-31871E0D3641}"
EndProject
Global
	GlobalSection(SolutionConfigurationPlatforms) = preSolution
		Debug|Any CPU = Debug|Any CPU
		Release|Any CPU = Release|Any CPU
	EndGlobalSection
	GlobalSection(ProjectConfigurationPlatforms) = postSolution
		{D9225DA6-E78A-4BAD-8C74-31871E0D3641}.Debug|Any CPU.ActiveCfg = Debug|Any CPU
		{D9225DA6-E78A-4BAD-8C74-31871E0D3641}.Debug|Any CPU.Build.0 = Debug|Any CPU
		{D9225DA6-E78A-4BAD-8C74-31871E0D3641}.Release|Any CPU.ActiveCfg = Release|Any CPU
		{D9225DA6-E78A-4BAD-8C74-31871E0D3641}.Release|Any CPU.Build.0 = Release|Any CPU
	EndGlobalSection
	GlobalSection(SolutionProperties) = preSolution
		HideSolutionNode = FALSE
	EndGlobalSection
	GlobalSection(NestedProjects) = preSolution
		{E20A0163-CAA1-4C4A-B8D0-FB02A70CB877} = {1AC8DBB2-C1D0-46B7-AC53-A9F96DC22FB0}
		{D9225DA6-E78A-4BAD-8C74-31871E0D3641} = {E20A0163-CAA1-4C4A-B8D0-FB02A70CB877}
	EndGlobalSection
	GlobalSection(ExtensibilityGlobals) = postSolution
		SolutionGuid = {FB93B23C-048A-424D-9065-8DD25FFC9C74}
	EndGlobalSection
EndGlobal
