
Microsoft Visual Studio Solution File, Format Version 12.00
# Visual Studio Version 17
VisualStudioVersion = 17.11.35219.272
MinimumVisualStudioVersion = 10.0.40219.1
Project("{2150E333-8FDC-42A3-9474-1A3956D46DE8}") = "Services", "Services", "{1AC8DBB2-C1D0-46B7-AC53-A9F96DC22FB0}"
EndProject
Project("{2150E333-8FDC-42A3-9474-1A3956D46DE8}") = "Catalog", "Catalog", "{E20A0163-CAA1-4C4A-B8D0-FB02A70CB877}"
EndProject
Project("{9A19103F-16F7-4668-BE54-9A1E7A4F7556}") = "CatalogAPI", "Services\Catalog\CatalogAPI\CatalogAPI.csproj", "{D9225DA6-E78A-4BAD-8C74-31871E0D3641}"
EndProject
Project("{2150E333-8FDC-42A3-9474-1A3956D46DE8}") = "BuildingBlocks", "BuildingBlocks", "{2E498F93-E521-4DD4-8EC6-5B67E78027FE}"
EndProject
Project("{9A19103F-16F7-4668-BE54-9A1E7A4F7556}") = "BuildingBlocks", "BuildingBlocks\BuildingBlocks\BuildingBlocks.csproj", "{C7F14AC2-8E14-47C5-9498-CC02B6DCF97F}"
EndProject
Project("{E53339B2-1760-4266-BCC7-CA923CBCF16C}") = "docker-compose", "docker-compose.dcproj", "{7E8C94EE-6036-4969-8CF0-6E3DA5586799}"
EndProject
Project("{2150E333-8FDC-42A3-9474-1A3956D46DE8}") = "Basket", "Basket", "{8E76D3A5-CE7E-4E22-A911-D63A51AED6D9}"
EndProject
Project("{FAE04EC0-301F-11D3-BF4B-00C04F79EFBC}") = "BasketAPI", "Services\Basket\BasketAPI\BasketAPI.csproj", "{1ECD992E-2791-4B66-8338-AB3C4C01DFFD}"
EndProject
Project("{2150E333-8FDC-42A3-9474-1A3956D46DE8}") = "Discount", "Discount", "{1621DBB7-AF22-4F99-86DC-49A264A94E48}"
EndProject
Project("{FAE04EC0-301F-11D3-BF4B-00C04F79EFBC}") = "DiscountGRPC", "Services\Discount\DiscountGRPC\DiscountGRPC.csproj", "{295958AB-B945-4776-A00F-505620D75C97}"
EndProject
Global
	GlobalSection(SolutionConfigurationPlatforms) = preSolution
		Debug|Any CPU = Debug|Any CPU
		Release|Any CPU = Release|Any CPU
	EndGlobalSection
	GlobalSection(ProjectConfigurationPlatforms) = postSolution
		{D9225DA6-E78A-4BAD-8C74-31871E0D3641}.Debug|Any CPU.ActiveCfg = Debug|Any CPU
		{D9225DA6-E78A-4BAD-8C74-31871E0D3641}.Debug|Any CPU.Build.0 = Debug|Any CPU
		{D9225DA6-E78A-4BAD-8C74-31871E0D3641}.Release|Any CPU.ActiveCfg = Release|Any CPU
		{D9225DA6-E78A-4BAD-8C74-31871E0D3641}.Release|Any CPU.Build.0 = Release|Any CPU
		{C7F14AC2-8E14-47C5-9498-CC02B6DCF97F}.Debug|Any CPU.ActiveCfg = Debug|Any CPU
		{C7F14AC2-8E14-47C5-9498-CC02B6DCF97F}.Debug|Any CPU.Build.0 = Debug|Any CPU
		{C7F14AC2-8E14-47C5-9498-CC02B6DCF97F}.Release|Any CPU.ActiveCfg = Release|Any CPU
		{C7F14AC2-8E14-47C5-9498-CC02B6DCF97F}.Release|Any CPU.Build.0 = Release|Any CPU
		{7E8C94EE-6036-4969-8CF0-6E3DA5586799}.Debug|Any CPU.ActiveCfg = Debug|Any CPU
		{7E8C94EE-6036-4969-8CF0-6E3DA5586799}.Debug|Any CPU.Build.0 = Debug|Any CPU
		{7E8C94EE-6036-4969-8CF0-6E3DA5586799}.Release|Any CPU.ActiveCfg = Release|Any CPU
		{7E8C94EE-6036-4969-8CF0-6E3DA5586799}.Release|Any CPU.Build.0 = Release|Any CPU
		{1ECD992E-2791-4B66-8338-AB3C4C01DFFD}.Debug|Any CPU.ActiveCfg = Debug|Any CPU
		{1ECD992E-2791-4B66-8338-AB3C4C01DFFD}.Debug|Any CPU.Build.0 = Debug|Any CPU
		{1ECD992E-2791-4B66-8338-AB3C4C01DFFD}.Release|Any CPU.ActiveCfg = Release|Any CPU
		{1ECD992E-2791-4B66-8338-AB3C4C01DFFD}.Release|Any CPU.Build.0 = Release|Any CPU
		{295958AB-B945-4776-A00F-505620D75C97}.Debug|Any CPU.ActiveCfg = Debug|Any CPU
		{295958AB-B945-4776-A00F-505620D75C97}.Debug|Any CPU.Build.0 = Debug|Any CPU
		{295958AB-B945-4776-A00F-505620D75C97}.Release|Any CPU.ActiveCfg = Release|Any CPU
		{295958AB-B945-4776-A00F-505620D75C97}.Release|Any CPU.Build.0 = Release|Any CPU
	EndGlobalSection
	GlobalSection(SolutionProperties) = preSolution
		HideSolutionNode = FALSE
	EndGlobalSection
	GlobalSection(NestedProjects) = preSolution
		{E20A0163-CAA1-4C4A-B8D0-FB02A70CB877} = {1AC8DBB2-C1D0-46B7-AC53-A9F96DC22FB0}
		{D9225DA6-E78A-4BAD-8C74-31871E0D3641} = {E20A0163-CAA1-4C4A-B8D0-FB02A70CB877}
		{C7F14AC2-8E14-47C5-9498-CC02B6DCF97F} = {2E498F93-E521-4DD4-8EC6-5B67E78027FE}
		{8E76D3A5-CE7E-4E22-A911-D63A51AED6D9} = {1AC8DBB2-C1D0-46B7-AC53-A9F96DC22FB0}
		{1ECD992E-2791-4B66-8338-AB3C4C01DFFD} = {8E76D3A5-CE7E-4E22-A911-D63A51AED6D9}
		{1621DBB7-AF22-4F99-86DC-49A264A94E48} = {1AC8DBB2-C1D0-46B7-AC53-A9F96DC22FB0}
		{295958AB-B945-4776-A00F-505620D75C97} = {1621DBB7-AF22-4F99-86DC-49A264A94E48}
	EndGlobalSection
	GlobalSection(ExtensibilityGlobals) = postSolution
		SolutionGuid = {FB93B23C-048A-424D-9065-8DD25FFC9C74}
	EndGlobalSection
EndGlobal
